
Microsoft Visual Studio Solution File, Format Version 12.00
# Visual Studio 15
VisualStudioVersion = 15.0.28307.421
MinimumVisualStudioVersion = 10.0.40219.1
Project("{FAE04EC0-301F-11D3-BF4B-00C04F79EFBC}") = "Appointer", "Appointer\Appointer.csproj", "{14E7CD99-8A84-4F9E-8C18-A7CB2573B8B3}"
EndProject
Global
	GlobalSection(SolutionConfigurationPlatforms) = preSolution
		Debug|Any CPU = Debug|Any CPU
		Release|Any CPU = Release|Any CPU
	EndGlobalSection
	GlobalSection(ProjectConfigurationPlatforms) = postSolution
		{14E7CD99-8A84-4F9E-8C18-A7CB2573B8B3}.Debug|Any CPU.ActiveCfg = Debug|Any CPU
		{14E7CD99-8A84-4F9E-8C18-A7CB2573B8B3}.Debug|Any CPU.Build.0 = Debug|Any CPU
		{14E7CD99-8A84-4F9E-8C18-A7CB2573B8B3}.Release|Any CPU.ActiveCfg = Release|Any CPU
		{14E7CD99-8A84-4F9E-8C18-A7CB2573B8B3}.Release|Any CPU.Build.0 = Release|Any CPU
	EndGlobalSection
	GlobalSection(SolutionProperties) = preSolution
		HideSolutionNode = FALSE
	EndGlobalSection
	GlobalSection(ExtensibilityGlobals) = postSolution
		SolutionGuid = {C15877B1-249B-4E17-A23C-B193D0D38280}
	EndGlobalSection
EndGlobal
